
Microsoft Visual Studio Solution File, Format Version 11.00
# Visual Studio 2010
Project("{FAE04EC0-301F-11D3-BF4B-00C04F79EFBC}") = "WOWlab_HacTeam", "Assembly-CSharp-firstpass.csproj", "{35871395-D201-2C7D-1BC5-921ED8C0888B}"
EndProject
Project("{FAE04EC0-301F-11D3-BF4B-00C04F79EFBC}") = "WOWlab_HacTeam", "Assembly-CSharp.csproj", "{2D02A27D-F4A2-E3BC-3BBC-CB15FF5495DB}"
EndProject
Project("{FAE04EC0-301F-11D3-BF4B-00C04F79EFBC}") = "WOWlab_HacTeam", "Assembly-CSharp-Editor-firstpass.csproj", "{F2AB96AC-3D12-CB6A-8506-8CC546CC48C5}"
EndProject
Global
	GlobalSection(SolutionConfigurationPlatforms) = preSolution
		Debug|Any CPU = Debug|Any CPU
		Release|Any CPU = Release|Any CPU
	EndGlobalSection
	GlobalSection(ProjectConfigurationPlatforms) = postSolution
		{35871395-D201-2C7D-1BC5-921ED8C0888B}.Debug|Any CPU.ActiveCfg = Debug|Any CPU
		{35871395-D201-2C7D-1BC5-921ED8C0888B}.Debug|Any CPU.Build.0 = Debug|Any CPU
		{35871395-D201-2C7D-1BC5-921ED8C0888B}.Release|Any CPU.ActiveCfg = Release|Any CPU
		{35871395-D201-2C7D-1BC5-921ED8C0888B}.Release|Any CPU.Build.0 = Release|Any CPU
		{2D02A27D-F4A2-E3BC-3BBC-CB15FF5495DB}.Debug|Any CPU.ActiveCfg = Debug|Any CPU
		{2D02A27D-F4A2-E3BC-3BBC-CB15FF5495DB}.Debug|Any CPU.Build.0 = Debug|Any CPU
		{2D02A27D-F4A2-E3BC-3BBC-CB15FF5495DB}.Release|Any CPU.ActiveCfg = Release|Any CPU
		{2D02A27D-F4A2-E3BC-3BBC-CB15FF5495DB}.Release|Any CPU.Build.0 = Release|Any CPU
		{F2AB96AC-3D12-CB6A-8506-8CC546CC48C5}.Debug|Any CPU.ActiveCfg = Debug|Any CPU
		{F2AB96AC-3D12-CB6A-8506-8CC546CC48C5}.Debug|Any CPU.Build.0 = Debug|Any CPU
		{F2AB96AC-3D12-CB6A-8506-8CC546CC48C5}.Release|Any CPU.ActiveCfg = Release|Any CPU
		{F2AB96AC-3D12-CB6A-8506-8CC546CC48C5}.Release|Any CPU.Build.0 = Release|Any CPU
	EndGlobalSection
	GlobalSection(SolutionProperties) = preSolution
		HideSolutionNode = FALSE
	EndGlobalSection
	GlobalSection(MonoDevelopProperties) = preSolution
		StartupItem = Assembly-CSharp.csproj
	EndGlobalSection
EndGlobal
